
Microsoft Visual Studio Solution File, Format Version 12.00
# Visual Studio 15
VisualStudioVersion = 15.0.28307.572
MinimumVisualStudioVersion = 10.0.40219.1
Project("{8BC9CEB8-8B4A-11D0-8D11-00A0C91BC942}") = "QwtPlotComponent", "QwtPlotComponent.vcxproj", "{D239E762-7D45-44FE-A8D9-5BA03D0B02F5}"
EndProject
Global
	GlobalSection(SolutionConfigurationPlatforms) = preSolution
		Debug|x86 = Debug|x86
		Release|x86 = Release|x86
	EndGlobalSection
	GlobalSection(ProjectConfigurationPlatforms) = postSolution
		{D239E762-7D45-44FE-A8D9-5BA03D0B02F5}.Debug|x86.ActiveCfg = Debug|Win32
		{D239E762-7D45-44FE-A8D9-5BA03D0B02F5}.Debug|x86.Build.0 = Debug|Win32
		{D239E762-7D45-44FE-A8D9-5BA03D0B02F5}.Release|x86.ActiveCfg = Release|Win32
		{D239E762-7D45-44FE-A8D9-5BA03D0B02F5}.Release|x86.Build.0 = Release|Win32
	EndGlobalSection
	GlobalSection(SolutionProperties) = preSolution
		HideSolutionNode = FALSE
	EndGlobalSection
	GlobalSection(ExtensibilityGlobals) = postSolution
		SolutionGuid = {DAE1DE79-3A89-4B21-9225-8CD82D69172E}
	EndGlobalSection
EndGlobal
